
Microsoft Visual Studio Solution File, Format Version 12.00
# Visual Studio Version 17
VisualStudioVersion = 17.5.002.0
MinimumVisualStudioVersion = 10.0.40219.1
Project("{9A19103F-16F7-4668-BE54-9A1E7A4F7556}") = "Tutorial", "Tutorial\Tutorial.csproj", "{AE3C7879-BB85-46FA-B8C0-83BB2C452942}"
EndProject
Global
	GlobalSection(SolutionConfigurationPlatforms) = preSolution
		Debug|Any CPU = Debug|Any CPU
		Release|Any CPU = Release|Any CPU
	EndGlobalSection
	GlobalSection(ProjectConfigurationPlatforms) = postSolution
		{AE3C7879-BB85-46FA-B8C0-83BB2C452942}.Debug|Any CPU.ActiveCfg = Debug|Any CPU
		{AE3C7879-BB85-46FA-B8C0-83BB2C452942}.Debug|Any CPU.Build.0 = Debug|Any CPU
		{AE3C7879-BB85-46FA-B8C0-83BB2C452942}.Release|Any CPU.ActiveCfg = Release|Any CPU
		{AE3C7879-BB85-46FA-B8C0-83BB2C452942}.Release|Any CPU.Build.0 = Release|Any CPU
	EndGlobalSection
	GlobalSection(SolutionProperties) = preSolution
		HideSolutionNode = FALSE
	EndGlobalSection
	GlobalSection(ExtensibilityGlobals) = postSolution
		SolutionGuid = {A6CE14A2-9F7D-47E9-BD86-59A380C7F14D}
	EndGlobalSection
EndGlobal
